github.com/fransImanuel/go-say-hello v1.0.0 h1:EfOUVnyAgx4cVVvnn36ABCywzvnTT0A33kjzMvLiToc=
github.com/fransImanuel/go-say-hello v1.0.0/go.mod h1:PlRu2u/OX71BYNeQH+Qec6bHh125j+wPl14as7hRNaA=
github.com/fransImanuel/go-say-hello v1.0.1 h1:bJFN6Fdo5gBIjyFjrj8KvIFXOkYYf0jh6JkZuXcmFPk=
github.com/fransImanuel/go-say-hello v1.0.1/go.mod h1:PlRu2u/OX71BYNeQH+Qec6bHh125j+wPl14as7hRNaA=
github.com/fransImanuel/go-say-hello/v2 v2.0.0 h1:EHIfFJgpg7rS8OhJGwaYsm8QO/iFhV6mB1VPYrbCurg=
github.com/fransImanuel/go-say-hello/v2 v2.0.0/go.mod h1:GiLyYgImuCeICrHgsIHW0bCewQ3x7JoL26UuM8OOmVU=
